
Microsoft Visual Studio Solution File, Format Version 12.00
Project("{2150E333-8FDC-42A3-9474-1A3956D46DE8}") = "Solution Items", "Solution Items", "{AB59D40C-DBEE-4CB5-9CBA-5233BAFA0542}"
	ProjectSection(SolutionItems) = preProject
		compose.yaml = compose.yaml
		dockerfile = dockerfile
	EndProjectSection
EndProject
Project("{FAE04EC0-301F-11D3-BF4B-00C04F79EFBC}") = "Application", "Application\Application.csproj", "{DB461306-5BD7-403A-9821-76E0702EFB9A}"
EndProject
Project("{FAE04EC0-301F-11D3-BF4B-00C04F79EFBC}") = "Api", "Api\Api.csproj", "{21B42D90-D1A9-4760-9B5E-5C7CCE5910BE}"
EndProject
Global
	GlobalSection(SolutionConfigurationPlatforms) = preSolution
		Debug|Any CPU = Debug|Any CPU
		Release|Any CPU = Release|Any CPU
	EndGlobalSection
	GlobalSection(ProjectConfigurationPlatforms) = postSolution
		{DB461306-5BD7-403A-9821-76E0702EFB9A}.Debug|Any CPU.ActiveCfg = Debug|Any CPU
		{DB461306-5BD7-403A-9821-76E0702EFB9A}.Debug|Any CPU.Build.0 = Debug|Any CPU
		{DB461306-5BD7-403A-9821-76E0702EFB9A}.Release|Any CPU.ActiveCfg = Release|Any CPU
		{DB461306-5BD7-403A-9821-76E0702EFB9A}.Release|Any CPU.Build.0 = Release|Any CPU
		{21B42D90-D1A9-4760-9B5E-5C7CCE5910BE}.Debug|Any CPU.ActiveCfg = Debug|Any CPU
		{21B42D90-D1A9-4760-9B5E-5C7CCE5910BE}.Debug|Any CPU.Build.0 = Debug|Any CPU
		{21B42D90-D1A9-4760-9B5E-5C7CCE5910BE}.Release|Any CPU.ActiveCfg = Release|Any CPU
		{21B42D90-D1A9-4760-9B5E-5C7CCE5910BE}.Release|Any CPU.Build.0 = Release|Any CPU
	EndGlobalSection
EndGlobal
